
Microsoft Visual Studio Solution File, Format Version 12.00
# Visual Studio Version 17
VisualStudioVersion = 17.0.31903.59
MinimumVisualStudioVersion = 10.0.40219.1
Project("{FAE04EC0-301F-11D3-BF4B-00C04F79EFBC}") = "BrickEngine", "BrickEngine\BrickEngine.csproj", "{3FC6496C-60EE-4AE6-88F9-497ADBD82839}"
EndProject
Project("{FAE04EC0-301F-11D3-BF4B-00C04F79EFBC}") = "PongTest", "PongTest\PongTest.csproj", "{632473E7-7511-4ECD-B5C0-0EBB780F874D}"
EndProject
Global
	GlobalSection(SolutionConfigurationPlatforms) = preSolution
		Debug|Any CPU = Debug|Any CPU
		Release|Any CPU = Release|Any CPU
	EndGlobalSection
	GlobalSection(SolutionProperties) = preSolution
		HideSolutionNode = FALSE
	EndGlobalSection
	GlobalSection(ProjectConfigurationPlatforms) = postSolution
		{3FC6496C-60EE-4AE6-88F9-497ADBD82839}.Debug|Any CPU.ActiveCfg = Debug|Any CPU
		{3FC6496C-60EE-4AE6-88F9-497ADBD82839}.Debug|Any CPU.Build.0 = Debug|Any CPU
		{3FC6496C-60EE-4AE6-88F9-497ADBD82839}.Release|Any CPU.ActiveCfg = Release|Any CPU
		{3FC6496C-60EE-4AE6-88F9-497ADBD82839}.Release|Any CPU.Build.0 = Release|Any CPU
		{632473E7-7511-4ECD-B5C0-0EBB780F874D}.Debug|Any CPU.ActiveCfg = Debug|Any CPU
		{632473E7-7511-4ECD-B5C0-0EBB780F874D}.Debug|Any CPU.Build.0 = Debug|Any CPU
		{632473E7-7511-4ECD-B5C0-0EBB780F874D}.Release|Any CPU.ActiveCfg = Release|Any CPU
		{632473E7-7511-4ECD-B5C0-0EBB780F874D}.Release|Any CPU.Build.0 = Release|Any CPU
	EndGlobalSection
EndGlobal
